{
  "version": 4,
  "terraform_version": "1.0.10",
  "serial": 9,
  "lineage": "df40405f-6c07-25b5-f4d4-71f2e3d78a2c",
  "outputs": {},
  "resources": [
    {
      "mode": "managed",
      "type": "aws_s3_bucket",
      "name": "my-test-bucket",
      "provider": "provider[\"registry.terraform.io/hashicorp/aws\"]",
      "instances": [
        {
          "schema_version": 0,
          "attributes": {
            "acceleration_status": "",
            "acl": "private",
            "arn": "arn:aws:s3:::marcelo-bucket-000001111122222333334444455555666666",
            "bucket": "marcelo-bucket-000001111122222333334444455555666666",
            "bucket_domain_name": "marcelo-bucket-000001111122222333334444455555666666.s3.amazonaws.com",
            "bucket_prefix": null,
            "bucket_regional_domain_name": "marcelo-bucket-000001111122222333334444455555666666.s3.us-east-2.amazonaws.com",
            "cors_rule": [],
            "force_destroy": false,
            "grant": [],
            "hosted_zone_id": "Z2O1EMRO9K5GLX",
            "id": "marcelo-bucket-000001111122222333334444455555666666",
            "lifecycle_rule": [],
            "logging": [],
            "object_lock_configuration": [],
            "policy": null,
            "region": "us-east-2",
            "replication_configuration": [],
            "request_payer": "BucketOwner",
            "server_side_encryption_configuration": [],
            "tags": {
              "Enviroment": "Dev",
              "Manageby": "Terraform",
              "Name": "Bucket Marcelo"
            },
            "tags_all": {
              "Enviroment": "Dev",
              "Manageby": "Terraform",
              "Name": "Bucket Marcelo"
            },
            "versioning": [
              {
                "enabled": false,
                "mfa_delete": false
              }
            ],
            "website": [],
            "website_domain": null,
            "website_endpoint": null
          },
          "sensitive_attributes": [],
          "private": "bnVsbA=="
        }
      ]
    }
  ]
}
